<?xml version="1.0" encoding="utf-8"?>
<Project ToolsVersion="4.0" xmlns="http://schemas.microsoft.com/developer/msbuild/2003">
  <ItemGroup>
    <ApplicationDefinition Include="App.xaml" />
  </ItemGroup>
  <ItemGroup>
    <Page Include="MainWindow.xaml" />
    <Page Include="HomePage.xaml" />
    <Page Include="SettingsPage.xaml" />
    <Page Include="LicensePage.xaml" />
    <Page Include="PopupBlockerPage.xaml" />
    <Page Include="BlockLogPage.xaml" />
    <Page Include="RuleIOPage.xaml" />
  </ItemGroup>
  <ItemGroup>
    <Midl Include="MainWindow.idl" />
  </ItemGroup>
  <ItemGroup>
    <ClCompile Include="pch.cpp" />
    <ClCompile Include="$(GeneratedFilesDir)module.g.cpp" />
  </ItemGroup>
  <ItemGroup>
    <ClInclude Include="pch.h" />
    <ClInclude Include="AppTheme.h" />
    <ClInclude Include="AppSettings.h" />
    <ClInclude Include="PopupBlocker.h" />
    <ClInclude Include="WindowPicker.h" />
    <ClInclude Include="TrayIcon.h" />
    <ClInclude Include="HeuristicScorer.h" />
    <ClInclude Include="RuleTypes.h" />
    <ClInclude Include="RuleStorage.h" />
    <ClInclude Include="AutoStart.h" />
    <ClInclude Include="FilePicker.h" />
    <ClInclude Include="LabelStorage.h" />
  </ItemGroup>
  <ItemGroup>
    <Text Include="readme.txt" />
  </ItemGroup>
  <ItemGroup>
    <Manifest Include="app.manifest" />
  </ItemGroup>
  <ItemGroup>
    <None Include="packages.config" />
    <None Include="DOCUMENTATION.md" />
    <None Include="$(_WindowsMLLocalNativePath)\onnxruntime.dll" />
    <None Include="$(_WindowsMLLocalNativePath)\DirectML.dll" />
    <None Include="$(_WindowsMLLocalNativePath)\Microsoft.Windows.AI.MachineLearning.dll" />
  </ItemGroup>
  <ItemGroup>
    <Natvis Include="$(MSBuildThisFileDirectory)..\..\natvis\wil.natvis" />
    <Natvis Include="$(MSBuildThisFileDirectory)..\..\natvis\wil.natstepfilter" />
  </ItemGroup>
</Project>